{
  "name": "open-form-spec",
  "lockfileVersion": 3,
  "requires": true,
  "packages": {
    "": {
      "name": "open-form-spec",
      "workspaces": [
        "packages/*"
      ]
    },
    "node_modules/@ofs/core": {
      "resolved": "packages/core",
      "link": true
    },
    "node_modules/@ofs/plugin": {
      "resolved": "packages/plugin",
      "link": true
    },
    "node_modules/@ofs/plugin-yup": {
      "resolved": "packages/plugin-yup",
      "link": true
    },
    "node_modules/@ofs/runner": {
      "resolved": "packages/runner",
      "link": true
    },
    "node_modules/@ofs/types": {
      "resolved": "packages/types",
      "link": true
    },
    "node_modules/@ofs/validator": {
      "resolved": "packages/validator",
      "link": true
    },
    "node_modules/@types/node": {
      "version": "22.19.18",
      "resolved": "https://registry.npmjs.org/@types/node/-/node-22.19.18.tgz",
      "integrity": "sha512-9v00a+dn2yWVsYDEunWC4g/TcRKVq3r8N5FuZp7u0SGrPvdN9c2yXI9bBuf5Fl0hNCb+QTIePTn5pJs2pwBOQQ==",
      "dev": true,
      "license": "MIT",
      "dependencies": {
        "undici-types": "~6.21.0"
      }
    },
    "node_modules/ajv": {
      "version": "8.20.0",
      "resolved": "https://registry.npmjs.org/ajv/-/ajv-8.20.0.tgz",
      "integrity": "sha512-Thbli+OlOj+iMPYFBVBfJ3OmCAnaSyNn4M1vz9T6Gka5Jt9ba/HIR56joy65tY6kx/FCF5VXNB819Y7/GUrBGA==",
      "license": "MIT",
      "dependencies": {
        "fast-deep-equal": "^3.1.3",
        "fast-uri": "^3.0.1",
        "json-schema-traverse": "^1.0.0",
        "require-from-string": "^2.0.2"
      },
      "funding": {
        "type": "github",
        "url": "https://github.com/sponsors/epoberezkin"
      }
    },
    "node_modules/fast-deep-equal": {
      "version": "3.1.3",
      "resolved": "https://registry.npmjs.org/fast-deep-equal/-/fast-deep-equal-3.1.3.tgz",
      "integrity": "sha512-f3qQ9oQy9j2AhBe/H9VC91wLmKBCCU/gDOnKNAYG5hswO7BLKj09Hc5HYNz9cGI++xlpDCIgDaitVs03ATR84Q==",
      "license": "MIT"
    },
    "node_modules/fast-uri": {
      "version": "3.1.2",
      "resolved": "https://registry.npmjs.org/fast-uri/-/fast-uri-3.1.2.tgz",
      "integrity": "sha512-rVjf7ArG3LTk+FS6Yw81V1DLuZl1bRbNrev6Tmd/9RaroeeRRJhAt7jg/6YFxbvAQXUCavSoZhPPj6oOx+5KjQ==",
      "funding": [
        {
          "type": "github",
          "url": "https://github.com/sponsors/fastify"
        },
        {
          "type": "opencollective",
          "url": "https://opencollective.com/fastify"
        }
      ],
      "license": "BSD-3-Clause"
    },
    "node_modules/json-schema-traverse": {
      "version": "1.0.0",
      "resolved": "https://registry.npmjs.org/json-schema-traverse/-/json-schema-traverse-1.0.0.tgz",
      "integrity": "sha512-NM8/P9n3XjXhIZn1lLhkFaACTOURQXjWhV4BA/RnOv8xvgqtqpAX9IO4mRQxSx1Rlo4tqzeqb0sOlruaOy3dug==",
      "license": "MIT"
    },
    "node_modules/require-from-string": {
      "version": "2.0.2",
      "resolved": "https://registry.npmjs.org/require-from-string/-/require-from-string-2.0.2.tgz",
      "integrity": "sha512-Xf0nWe6RseziFMu+Ap9biiUbmplq6S9/p+7w7YXP/JBHhrUDDUhwa+vANyubuqfZWTveU//DYVGsDG7RKL/vEw==",
      "license": "MIT",
      "engines": {
        "node": ">=0.10.0"
      }
    },
    "node_modules/typescript": {
      "version": "5.8.3",
      "resolved": "https://registry.npmjs.org/typescript/-/typescript-5.8.3.tgz",
      "integrity": "sha512-p1diW6TqL9L07nNxvRMM7hMMw4c5XOo/1ibL4aAIGmSAt9slTE1Xgw5KWuof2uTOvCg9BY7ZRi+GaF+7sfgPeQ==",
      "dev": true,
      "license": "Apache-2.0",
      "bin": {
        "tsc": "bin/tsc",
        "tsserver": "bin/tsserver"
      },
      "engines": {
        "node": ">=14.17"
      }
    },
    "node_modules/undici-types": {
      "version": "6.21.0",
      "resolved": "https://registry.npmjs.org/undici-types/-/undici-types-6.21.0.tgz",
      "integrity": "sha512-iwDZqg0QAGrg9Rav5H4n0M64c3mkR59cJ6wQp+7C4nI0gsmExaedaYLNO44eT4AtBBwjbTiGPMlt2Md0T9H9JQ==",
      "dev": true,
      "license": "MIT"
    },
    "node_modules/yaml": {
      "version": "2.8.4",
      "resolved": "https://registry.npmjs.org/yaml/-/yaml-2.8.4.tgz",
      "integrity": "sha512-ml/JPOj9fOQK8RNnWojA67GbZ0ApXAUlN2UQclwv2eVgTgn7O9gg9o7paZWKMp4g0H3nTLtS9LVzhkpOFIKzog==",
      "license": "ISC",
      "bin": {
        "yaml": "bin.mjs"
      },
      "engines": {
        "node": ">= 14.6"
      },
      "funding": {
        "url": "https://github.com/sponsors/eemeli"
      }
    },
    "packages/core": {
      "name": "@ofs/core",
      "version": "0.1.0",
      "dependencies": {
        "@ofs/types": "*",
        "yaml": "^2.7.0"
      },
      "devDependencies": {
        "@types/node": "^22.0.0",
        "typescript": "~5.8.0"
      }
    },
    "packages/plugin": {
      "name": "@ofs/plugin",
      "version": "0.1.0",
      "dependencies": {
        "@ofs/types": "*"
      },
      "devDependencies": {
        "typescript": "~5.8.0"
      }
    },
    "packages/plugin-yup": {
      "name": "@ofs/plugin-yup",
      "version": "0.1.0",
      "dependencies": {
        "@ofs/plugin": "*",
        "@ofs/types": "*"
      },
      "devDependencies": {
        "@ofs/core": "*",
        "@types/node": "^22.0.0",
        "typescript": "~5.8.0"
      }
    },
    "packages/runner": {
      "name": "@ofs/runner",
      "version": "0.1.0",
      "dependencies": {
        "@ofs/core": "*",
        "@ofs/plugin": "*",
        "@ofs/types": "*",
        "@ofs/validator": "*"
      },
      "bin": {
        "ofs": "dist/cli.js"
      },
      "devDependencies": {
        "@types/node": "^22.0.0",
        "typescript": "~5.8.0"
      }
    },
    "packages/types": {
      "name": "@ofs/types",
      "version": "0.1.0",
      "devDependencies": {
        "typescript": "~5.8.0"
      }
    },
    "packages/validator": {
      "name": "@ofs/validator",
      "version": "0.1.0",
      "dependencies": {
        "@ofs/types": "*",
        "ajv": "^8.17.0",
        "yaml": "^2.7.0"
      },
      "devDependencies": {
        "@ofs/core": "*",
        "@types/node": "^22.0.0",
        "typescript": "~5.8.0"
      }
    }
  }
}
